// !$*UTF8*$!
{
	archiveVersion = 1;
	classes = {
	};
	objectVersion = 77;
	objects = {

/* Begin PBXBuildFile section */
		119CD2762FC1516F00B5D3EE /* TorrentMatcherCore in Frameworks */ = {isa = PBXBuildFile; productRef = 119CD2752FC1516F00B5D3EE /* TorrentMatcherCore */; };
/* End PBXBuildFile section */

/* Begin PBXContainerItemProxy section */
		11E0FCB92FBA9FFF009D7D1C /* PBXContainerItemProxy */ = {
			isa = PBXContainerItemProxy;
			containerPortal = 11E0FC9F2FBA9FFD009D7D1C /* Project object */;
			proxyType = 1;
			remoteGlobalIDString = 11E0FCA62FBA9FFD009D7D1C;
			remoteInfo = "Torrent Match";
		};
		11E0FCC32FBA9FFF009D7D1C /* PBXContainerItemProxy */ = {
			isa = PBXContainerItemProxy;
			containerPortal = 11E0FC9F2FBA9FFD009D7D1C /* Project object */;
			proxyType = 1;
			remoteGlobalIDString = 11E0FCA62FBA9FFD009D7D1C;
			remoteInfo = "Torrent Match";
		};
/* End PBXContainerItemProxy section */

/* Begin PBXFileReference section */
		11E0FCA72FBA9FFD009D7D1C /* Torrent Match.app */ = {isa = PBXFileReference; explicitFileType = wrapper.application; includeInIndex = 0; path = "Torrent Match.app"; sourceTree = BUILT_PRODUCTS_DIR; };
		11E0FCB82FBA9FFF009D7D1C /* Torrent MatchTests.xctest */ = {isa = PBXFileReference; explicitFileType = wrapper.cfbundle; includeInIndex = 0; path = "Torrent MatchTests.xctest"; sourceTree = BUILT_PRODUCTS_DIR; };
		11E0FCC22FBA9FFF009D7D1C /* Torrent MatchUITests.xctest */ = {isa = PBXFileReference; explicitFileType = wrapper.cfbundle; includeInIndex = 0; path = "Torrent MatchUITests.xctest"; sourceTree = BUILT_PRODUCTS_DIR; };
/* End PBXFileReference section */

/* Begin PBXFileSystemSynchronizedBuildFileExceptionSet section */
		11E0FCCA2FBA9FFF009D7D1C /* Exceptions for "Torrent Match" folder in "Torrent Match" target */ = {
			isa = PBXFileSystemSynchronizedBuildFileExceptionSet;
			membershipExceptions = (
				Info.plist,
			);
			target = 11E0FCA62FBA9FFD009D7D1C /* Torrent Match */;
		};
/* End PBXFileSystemSynchronizedBuildFileExceptionSet section */

/* Begin PBXFileSystemSynchronizedRootGroup section */
		11E0FCA92FBA9FFD009D7D1C /* Torrent Match */ = {
			isa = PBXFileSystemSynchronizedRootGroup;
			exceptions = (
				11E0FCCA2FBA9FFF009D7D1C /* Exceptions for "Torrent Match" folder in "Torrent Match" target */,
			);
			path = "Torrent Match";
			sourceTree = "<group>";
		};
		11E0FCBB2FBA9FFF009D7D1C /* Torrent MatchTests */ = {
			isa = PBXFileSystemSynchronizedRootGroup;
			path = "Torrent MatchTests";
			sourceTree = "<group>";
		};
		11E0FCC52FBA9FFF009D7D1C /* Torrent MatchUITests */ = {
			isa = PBXFileSystemSynchronizedRootGroup;
			path = "Torrent MatchUITests";
			sourceTree = "<group>";
		};
/* End PBXFileSystemSynchronizedRootGroup section */

/* Begin PBXFrameworksBuildPhase section */
		11E0FCA42FBA9FFD009D7D1C /* Frameworks */ = {
			isa = PBXFrameworksBuildPhase;
			buildActionMask = 2147483647;
			files = (
				119CD2762FC1516F00B5D3EE /* TorrentMatcherCore in Frameworks */,
			);
			runOnlyForDeploymentPostprocessing = 0;
		};
		11E0FCB52FBA9FFF009D7D1C /* Frameworks */ = {
			isa = PBXFrameworksBuildPhase;
			buildActionMask = 2147483647;
			files = (
			);
			runOnlyForDeploymentPostprocessing = 0;
		};
		11E0FCBF2FBA9FFF009D7D1C /* Frameworks */ = {
			isa = PBXFrameworksBuildPhase;
			buildActionMask = 2147483647;
			files = (
			);
			runOnlyForDeploymentPostprocessing = 0;
		};
/* End PBXFrameworksBuildPhase section */

/* Begin PBXGroup section */
		119CD2742FC1516F00B5D3EE /* Frameworks */ = {
			isa = PBXGroup;
			children = (
			);
			name = Frameworks;
			sourceTree = "<group>";
		};
		11E0FC9E2FBA9FFD009D7D1C = {
			isa = PBXGroup;
			children = (
				11E0FCA92FBA9FFD009D7D1C /* Torrent Match */,
				11E0FCBB2FBA9FFF009D7D1C /* Torrent MatchTests */,
				11E0FCC52FBA9FFF009D7D1C /* Torrent MatchUITests */,
				119CD2742FC1516F00B5D3EE /* Frameworks */,
				11E0FCA82FBA9FFD009D7D1C /* Products */,
			);
			sourceTree = "<group>";
		};
		11E0FCA82FBA9FFD009D7D1C /* Products */ = {
			isa = PBXGroup;
			children = (
				11E0FCA72FBA9FFD009D7D1C /* Torrent Match.app */,
				11E0FCB82FBA9FFF009D7D1C /* Torrent MatchTests.xctest */,
				11E0FCC22FBA9FFF009D7D1C /* Torrent MatchUITests.xctest */,
			);
			name = Products;
			sourceTree = "<group>";
		};
/* End PBXGroup section */

/* Begin PBXNativeTarget section */
		11E0FCA62FBA9FFD009D7D1C /* Torrent Match */ = {
			isa = PBXNativeTarget;
			buildConfigurationList = 11E0FCCB2FBA9FFF009D7D1C /* Build configuration list for PBXNativeTarget "Torrent Match" */;
			buildPhases = (
				11E0FCA32FBA9FFD009D7D1C /* Sources */,
				11E0FCA42FBA9FFD009D7D1C /* Frameworks */,
				11E0FCA52FBA9FFD009D7D1C /* Resources */,
			);
			buildRules = (
			);
			dependencies = (
			);
			fileSystemSynchronizedGroups = (
				11E0FCA92FBA9FFD009D7D1C /* Torrent Match */,
			);
			name = "Torrent Match";
			packageProductDependencies = (
				119CD2752FC1516F00B5D3EE /* TorrentMatcherCore */,
			);
			productName = "Torrent Match";
			productReference = 11E0FCA72FBA9FFD009D7D1C /* Torrent Match.app */;
			productType = "com.apple.product-type.application";
		};
		11E0FCB72FBA9FFF009D7D1C /* Torrent MatchTests */ = {
			isa = PBXNativeTarget;
			buildConfigurationList = 11E0FCD02FBA9FFF009D7D1C /* Build configuration list for PBXNativeTarget "Torrent MatchTests" */;
			buildPhases = (
				11E0FCB42FBA9FFF009D7D1C /* Sources */,
				11E0FCB52FBA9FFF009D7D1C /* Frameworks */,
				11E0FCB62FBA9FFF009D7D1C /* Resources */,
			);
			buildRules = (
			);
			dependencies = (
				11E0FCBA2FBA9FFF009D7D1C /* PBXTargetDependency */,
			);
			fileSystemSynchronizedGroups = (
				11E0FCBB2FBA9FFF009D7D1C /* Torrent MatchTests */,
			);
			name = "Torrent MatchTests";
			packageProductDependencies = (
			);
			productName = "Torrent MatchTests";
			productReference = 11E0FCB82FBA9FFF009D7D1C /* Torrent MatchTests.xctest */;
			productType = "com.apple.product-type.bundle.unit-test";
		};
		11E0FCC12FBA9FFF009D7D1C /* Torrent MatchUITests */ = {
			isa = PBXNativeTarget;
			buildConfigurationList = 11E0FCD32FBA9FFF009D7D1C /* Build configuration list for PBXNativeTarget "Torrent MatchUITests" */;
			buildPhases = (
				11E0FCBE2FBA9FFF009D7D1C /* Sources */,
				11E0FCBF2FBA9FFF009D7D1C /* Frameworks */,
				11E0FCC02FBA9FFF009D7D1C /* Resources */,
			);
			buildRules = (
			);
			dependencies = (
				11E0FCC42FBA9FFF009D7D1C /* PBXTargetDependency */,
			);
			fileSystemSynchronizedGroups = (
				11E0FCC52FBA9FFF009D7D1C /* Torrent MatchUITests */,
			);
			name = "Torrent MatchUITests";
			packageProductDependencies = (
			);
			productName = "Torrent MatchUITests";
			productReference = 11E0FCC22FBA9FFF009D7D1C /* Torrent MatchUITests.xctest */;
			productType = "com.apple.product-type.bundle.ui-testing";
		};
/* End PBXNativeTarget section */

/* Begin PBXProject section */
		11E0FC9F2FBA9FFD009D7D1C /* Project object */ = {
			isa = PBXProject;
			attributes = {
				BuildIndependentTargetsInParallel = 1;
				LastSwiftUpdateCheck = 2650;
				LastUpgradeCheck = 2650;
				TargetAttributes = {
					11E0FCA62FBA9FFD009D7D1C = {
						CreatedOnToolsVersion = 26.5;
					};
					11E0FCB72FBA9FFF009D7D1C = {
						CreatedOnToolsVersion = 26.5;
						TestTargetID = 11E0FCA62FBA9FFD009D7D1C;
					};
					11E0FCC12FBA9FFF009D7D1C = {
						CreatedOnToolsVersion = 26.5;
						TestTargetID = 11E0FCA62FBA9FFD009D7D1C;
					};
				};
			};
			buildConfigurationList = 11E0FCA22FBA9FFD009D7D1C /* Build configuration list for PBXProject "Torrent Match" */;
			developmentRegion = en;
			hasScannedForEncodings = 0;
			knownRegions = (
				en,
				Base,
			);
			mainGroup = 11E0FC9E2FBA9FFD009D7D1C;
			minimizedProjectReferenceProxies = 1;
			packageReferences = (
				119CD2732FC1506200B5D3EE /* XCLocalSwiftPackageReference "TorrentMatcherCore" */,
			);
			preferredProjectObjectVersion = 77;
			productRefGroup = 11E0FCA82FBA9FFD009D7D1C /* Products */;
			projectDirPath = "";
			projectRoot = "";
			targets = (
				11E0FCA62FBA9FFD009D7D1C /* Torrent Match */,
				11E0FCB72FBA9FFF009D7D1C /* Torrent MatchTests */,
				11E0FCC12FBA9FFF009D7D1C /* Torrent MatchUITests */,
			);
		};
/* End PBXProject section */

/* Begin PBXResourcesBuildPhase section */
		11E0FCA52FBA9FFD009D7D1C /* Resources */ = {
			isa = PBXResourcesBuildPhase;
			buildActionMask = 2147483647;
			files = (
			);
			runOnlyForDeploymentPostprocessing = 0;
		};
		11E0FCB62FBA9FFF009D7D1C /* Resources */ = {
			isa = PBXResourcesBuildPhase;
			buildActionMask = 2147483647;
			files = (
			);
			runOnlyForDeploymentPostprocessing = 0;
		};
		11E0FCC02FBA9FFF009D7D1C /* Resources */ = {
			isa = PBXResourcesBuildPhase;
			buildActionMask = 2147483647;
			files = (
			);
			runOnlyForDeploymentPostprocessing = 0;
		};
/* End PBXResourcesBuildPhase section */

/* Begin PBXSourcesBuildPhase section */
		11E0FCA32FBA9FFD009D7D1C /* Sources */ = {
			isa = PBXSourcesBuildPhase;
			buildActionMask = 2147483647;
			files = (
			);
			runOnlyForDeploymentPostprocessing = 0;
		};
		11E0FCB42FBA9FFF009D7D1C /* Sources */ = {
			isa = PBXSourcesBuildPhase;
			buildActionMask = 2147483647;
			files = (
			);
			runOnlyForDeploymentPostprocessing = 0;
		};
		11E0FCBE2FBA9FFF009D7D1C /* Sources */ = {
			isa = PBXSourcesBuildPhase;
			buildActionMask = 2147483647;
			files = (
			);
			runOnlyForDeploymentPostprocessing = 0;
		};
/* End PBXSourcesBuildPhase section */

/* Begin PBXTargetDependency section */
		11E0FCBA2FBA9FFF009D7D1C /* PBXTargetDependency */ = {
			isa = PBXTargetDependency;
			target = 11E0FCA62FBA9FFD009D7D1C /* Torrent Match */;
			targetProxy = 11E0FCB92FBA9FFF009D7D1C /* PBXContainerItemProxy */;
		};
		11E0FCC42FBA9FFF009D7D1C /* PBXTargetDependency */ = {
			isa = PBXTargetDependency;
			target = 11E0FCA62FBA9FFD009D7D1C /* Torrent Match */;
			targetProxy = 11E0FCC32FBA9FFF009D7D1C /* PBXContainerItemProxy */;
		};
/* End PBXTargetDependency section */

/* Begin XCBuildConfiguration section */
		11E0FCCC2FBA9FFF009D7D1C /* Debug */ = {
			isa = XCBuildConfiguration;
			buildSettings = {
				ASSETCATALOG_COMPILER_APPICON_NAME = AppIcon;
				ASSETCATALOG_COMPILER_GLOBAL_ACCENT_COLOR_NAME = AccentColor;
				CODE_SIGN_STYLE = Automatic;
				CURRENT_PROJECT_VERSION = 1;
				DEVELOPMENT_TEAM = 64349P3W6M;
				ENABLE_APP_SANDBOX = YES;
				ENABLE_HARDENED_RUNTIME = YES;
				ENABLE_PREVIEWS = YES;
				ENABLE_USER_SELECTED_FILES = readonly;
				GENERATE_INFOPLIST_FILE = YES;
				INFOPLIST_FILE = "Torrent Match/Info.plist";
				"INFOPLIST_KEY_UIApplicationSceneManifest_Generation[sdk=iphoneos*]" = YES;
				"INFOPLIST_KEY_UIApplicationSceneManifest_Generation[sdk=iphonesimulator*]" = YES;
				"INFOPLIST_KEY_UIApplicationSupportsIndirectInputEvents[sdk=iphoneos*]" = YES;
				"INFOPLIST_KEY_UIApplicationSupportsIndirectInputEvents[sdk=iphonesimulator*]" = YES;
				"INFOPLIST_KEY_UILaunchScreen_Generation[sdk=iphoneos*]" = YES;
				"INFOPLIST_KEY_UILaunchScreen_Generation[sdk=iphonesimulator*]" = YES;
				"INFOPLIST_KEY_UIStatusBarStyle[sdk=iphoneos*]" = UIStatusBarStyleDefault;
				"INFOPLIST_KEY_UIStatusBarStyle[sdk=iphonesimulator*]" = UIStatusBarStyleDefault;
				INFOPLIST_KEY_UISupportedInterfaceOrientations_iPad = "UIInterfaceOrientationPortrait UIInterfaceOrientationPortraitUpsideDown UIInterfaceOrientationLandscapeLeft UIInterfaceOrientationLandscapeRight";
				INFOPLIST_KEY_UISupportedInterfaceOrientations_iPhone = "UIInterfaceOrientationPortrait UIInterfaceOrientationLandscapeLeft UIInterfaceOrientationLandscapeRight";
				IPHONEOS_DEPLOYMENT_TARGET = 26.5;
				LD_RUNPATH_SEARCH_PATHS = "@executable_path/Frameworks";
				"LD_RUNPATH_SEARCH_PATHS[sdk=macosx*]" = "@executable_path/../Frameworks";
				MACOSX_DEPLOYMENT_TARGET = 26.3;
				MARKETING_VERSION = 1.0;
				PRODUCT_BUNDLE_IDENTIFIER = "com.ryankeefe.Torrent-Match";
				PRODUCT_NAME = "$(TARGET_NAME)";
				REGISTER_APP_GROUPS = YES;
				SDKROOT = auto;
				STRING_CATALOG_GENERATE_SYMBOLS = YES;
				SUPPORTED_PLATFORMS = "iphoneos iphonesimulator macosx xros xrsimulator";
				SWIFT_APPROACHABLE_CONCURRENCY = YES;
				SWIFT_DEFAULT_ACTOR_ISOLATION = MainActor;
				SWIFT_EMIT_LOC_STRINGS = YES;
				SWIFT_UPCOMING_FEATURE_MEMBER_IMPORT_VISIBILITY = YES;
				SWIFT_VERSION = 5.0;
				TARGETED_DEVICE_FAMILY = "1,2,7";
				XROS_DEPLOYMENT_TARGET = 26.5;
			};
			name = Debug;
		};
		11E0FCCD2FBA9FFF009D7D1C /* Release */ = {
			isa = XCBuildConfiguration;
			buildSettings = {
				ASSETCATALOG_COMPILER_APPICON_NAME = AppIcon;
				ASSETCATALOG_COMPILER_GLOBAL_ACCENT_COLOR_NAME = AccentColor;
				CODE_SIGN_STYLE = Automatic;
				CURRENT_PROJECT_VERSION = 1;
				DEVELOPMENT_TEAM = 64349P3W6M;
				ENABLE_APP_SANDBOX = YES;
				ENABLE_HARDENED_RUNTIME = YES;
				ENABLE_PREVIEWS = YES;
				ENABLE_USER_SELECTED_FILES = readonly;
				GENERATE_INFOPLIST_FILE = YES;
				INFOPLIST_FILE = "Torrent Match/Info.plist";
				"INFOPLIST_KEY_UIApplicationSceneManifest_Generation[sdk=iphoneos*]" = YES;
				"INFOPLIST_KEY_UIApplicationSceneManifest_Generation[sdk=iphonesimulator*]" = YES;
				"INFOPLIST_KEY_UIApplicationSupportsIndirectInputEvents[sdk=iphoneos*]" = YES;
				"INFOPLIST_KEY_UIApplicationSupportsIndirectInputEvents[sdk=iphonesimulator*]" = YES;
				"INFOPLIST_KEY_UILaunchScreen_Generation[sdk=iphoneos*]" = YES;
				"INFOPLIST_KEY_UILaunchScreen_Generation[sdk=iphonesimulator*]" = YES;
				"INFOPLIST_KEY_UIStatusBarStyle[sdk=iphoneos*]" = UIStatusBarStyleDefault;
				"INFOPLIST_KEY_UIStatusBarStyle[sdk=iphonesimulator*]" = UIStatusBarStyleDefault;
				INFOPLIST_KEY_UISupportedInterfaceOrientations_iPad = "UIInterfaceOrientationPortrait UIInterfaceOrientationPortraitUpsideDown UIInterfaceOrientationLandscapeLeft UIInterfaceOrientationLandscapeRight";
				INFOPLIST_KEY_UISupportedInterfaceOrientations_iPhone = "UIInterfaceOrientationPortrait UIInterfaceOrientationLandscapeLeft UIInterfaceOrientationLandscapeRight";
				IPHONEOS_DEPLOYMENT_TARGET = 26.5;
				LD_RUNPATH_SEARCH_PATHS = "@executable_path/Frameworks";
				"LD_RUNPATH_SEARCH_PATHS[sdk=macosx*]" = "@executable_path/../Frameworks";
				MACOSX_DEPLOYMENT_TARGET = 26.3;
				MARKETING_VERSION = 1.0;
				PRODUCT_BUNDLE_IDENTIFIER = "com.ryankeefe.Torrent-Match";
				PRODUCT_NAME = "$(TARGET_NAME)";
				REGISTER_APP_GROUPS = YES;
				SDKROOT = auto;
				STRING_CATALOG_GENERATE_SYMBOLS = YES;
				SUPPORTED_PLATFORMS = "iphoneos iphonesimulator macosx xros xrsimulator";
				SWIFT_APPROACHABLE_CONCURRENCY = YES;
				SWIFT_DEFAULT_ACTOR_ISOLATION = MainActor;
				SWIFT_EMIT_LOC_STRINGS = YES;
				SWIFT_UPCOMING_FEATURE_MEMBER_IMPORT_VISIBILITY = YES;
				SWIFT_VERSION = 5.0;
				TARGETED_DEVICE_FAMILY = "1,2,7";
				XROS_DEPLOYMENT_TARGET = 26.5;
			};
			name = Release;
		};
		11E0FCCE2FBA9FFF009D7D1C /* Debug */ = {
			isa = XCBuildConfiguration;
			buildSettings = {
				ALWAYS_SEARCH_USER_PATHS = NO;
				ASSETCATALOG_COMPILER_GENERATE_SWIFT_ASSET_SYMBOL_EXTENSIONS = YES;
				CLANG_ANALYZER_NONNULL = YES;
				CLANG_ANALYZER_NUMBER_OBJECT_CONVERSION = YES_AGGRESSIVE;
				CLANG_CXX_LANGUAGE_STANDARD = "gnu++20";
				CLANG_ENABLE_MODULES = YES;
				CLANG_ENABLE_OBJC_ARC = YES;
				CLANG_ENABLE_OBJC_WEAK = YES;
				CLANG_WARN_BLOCK_CAPTURE_AUTORELEASING = YES;
				CLANG_WARN_BOOL_CONVERSION = YES;
				CLANG_WARN_COMMA = YES;
				CLANG_WARN_CONSTANT_CONVERSION = YES;
				CLANG_WARN_DEPRECATED_OBJC_IMPLEMENTATIONS = YES;
				CLANG_WARN_DIRECT_OBJC_ISA_USAGE = YES_ERROR;
				CLANG_WARN_DOCUMENTATION_COMMENTS = YES;
				CLANG_WARN_EMPTY_BODY = YES;
				CLANG_WARN_ENUM_CONVERSION = YES;
				CLANG_WARN_INFINITE_RECURSION = YES;
				CLANG_WARN_INT_CONVERSION = YES;
				CLANG_WARN_NON_LITERAL_NULL_CONVERSION = YES;
				CLANG_WARN_OBJC_IMPLICIT_RETAIN_SELF = YES;
				CLANG_WARN_OBJC_LITERAL_CONVERSION = YES;
				CLANG_WARN_OBJC_ROOT_CLASS = YES_ERROR;
				CLANG_WARN_QUOTED_INCLUDE_IN_FRAMEWORK_HEADER = YES;
				CLANG_WARN_RANGE_LOOP_ANALYSIS = YES;
				CLANG_WARN_STRICT_PROTOTYPES = YES;
				CLANG_WARN_SUSPICIOUS_MOVE = YES;
				CLANG_WARN_UNGUARDED_AVAILABILITY = YES_AGGRESSIVE;
				CLANG_WARN_UNREACHABLE_CODE = YES;
				CLANG_WARN__DUPLICATE_METHOD_MATCH = YES;
				COPY_PHASE_STRIP = NO;
				DEBUG_INFORMATION_FORMAT = dwarf;
				DEVELOPMENT_TEAM = 64349P3W6M;
				ENABLE_STRICT_OBJC_MSGSEND = YES;
				ENABLE_TESTABILITY = YES;
				ENABLE_USER_SCRIPT_SANDBOXING = YES;
				GCC_C_LANGUAGE_STANDARD = gnu17;
				GCC_DYNAMIC_NO_PIC = NO;
				GCC_NO_COMMON_BLOCKS = YES;
				GCC_OPTIMIZATION_LEVEL = 0;
				GCC_PREPROCESSOR_DEFINITIONS = (
					"DEBUG=1",
					"$(inherited)",
				);
				GCC_WARN_64_TO_32_BIT_CONVERSION = YES;
				GCC_WARN_ABOUT_RETURN_TYPE = YES_ERROR;
				GCC_WARN_UNDECLARED_SELECTOR = YES;
				GCC_WARN_UNINITIALIZED_AUTOS = YES_AGGRESSIVE;
				GCC_WARN_UNUSED_FUNCTION = YES;
				GCC_WARN_UNUSED_VARIABLE = YES;
				LOCALIZATION_PREFERS_STRING_CATALOGS = YES;
				MTL_ENABLE_DEBUG_INFO = INCLUDE_SOURCE;
				MTL_FAST_MATH = YES;
				ONLY_ACTIVE_ARCH = YES;
				SWIFT_ACTIVE_COMPILATION_CONDITIONS = "DEBUG $(inherited)";
				SWIFT_OPTIMIZATION_LEVEL = "-Onone";
			};
			name = Debug;
		};
		11E0FCCF2FBA9FFF009D7D1C /* Release */ = {
			isa = XCBuildConfiguration;
			buildSettings = {
				ALWAYS_SEARCH_USER_PATHS = NO;
				ASSETCATALOG_COMPILER_GENERATE_SWIFT_ASSET_SYMBOL_EXTENSIONS = YES;
				CLANG_ANALYZER_NONNULL = YES;
				CLANG_ANALYZER_NUMBER_OBJECT_CONVERSION = YES_AGGRESSIVE;
				CLANG_CXX_LANGUAGE_STANDARD = "gnu++20";
				CLANG_ENABLE_MODULES = YES;
				CLANG_ENABLE_OBJC_ARC = YES;
				CLANG_ENABLE_OBJC_WEAK = YES;
				CLANG_WARN_BLOCK_CAPTURE_AUTORELEASING = YES;
				CLANG_WARN_BOOL_CONVERSION = YES;
				CLANG_WARN_COMMA = YES;
				CLANG_WARN_CONSTANT_CONVERSION = YES;
				CLANG_WARN_DEPRECATED_OBJC_IMPLEMENTATIONS = YES;
				CLANG_WARN_DIRECT_OBJC_ISA_USAGE = YES_ERROR;
				CLANG_WARN_DOCUMENTATION_COMMENTS = YES;
				CLANG_WARN_EMPTY_BODY = YES;
				CLANG_WARN_ENUM_CONVERSION = YES;
				CLANG_WARN_INFINITE_RECURSION = YES;
				CLANG_WARN_INT_CONVERSION = YES;
				CLANG_WARN_NON_LITERAL_NULL_CONVERSION = YES;
				CLANG_WARN_OBJC_IMPLICIT_RETAIN_SELF = YES;
				CLANG_WARN_OBJC_LITERAL_CONVERSION = YES;
				CLANG_WARN_OBJC_ROOT_CLASS = YES_ERROR;
				CLANG_WARN_QUOTED_INCLUDE_IN_FRAMEWORK_HEADER = YES;
				CLANG_WARN_RANGE_LOOP_ANALYSIS = YES;
				CLANG_WARN_STRICT_PROTOTYPES = YES;
				CLANG_WARN_SUSPICIOUS_MOVE = YES;
				CLANG_WARN_UNGUARDED_AVAILABILITY = YES_AGGRESSIVE;
				CLANG_WARN_UNREACHABLE_CODE = YES;
				CLANG_WARN__DUPLICATE_METHOD_MATCH = YES;
				COPY_PHASE_STRIP = NO;
				DEBUG_INFORMATION_FORMAT = "dwarf-with-dsym";
				DEVELOPMENT_TEAM = 64349P3W6M;
				ENABLE_NS_ASSERTIONS = NO;
				ENABLE_STRICT_OBJC_MSGSEND = YES;
				ENABLE_USER_SCRIPT_SANDBOXING = YES;
				GCC_C_LANGUAGE_STANDARD = gnu17;
				GCC_NO_COMMON_BLOCKS = YES;
				GCC_WARN_64_TO_32_BIT_CONVERSION = YES;
				GCC_WARN_ABOUT_RETURN_TYPE = YES_ERROR;
				GCC_WARN_UNDECLARED_SELECTOR = YES;
				GCC_WARN_UNINITIALIZED_AUTOS = YES_AGGRESSIVE;
				GCC_WARN_UNUSED_FUNCTION = YES;
				GCC_WARN_UNUSED_VARIABLE = YES;
				LOCALIZATION_PREFERS_STRING_CATALOGS = YES;
				MTL_ENABLE_DEBUG_INFO = NO;
				MTL_FAST_MATH = YES;
				SWIFT_COMPILATION_MODE = wholemodule;
			};
			name = Release;
		};
		11E0FCD12FBA9FFF009D7D1C /* Debug */ = {
			isa = XCBuildConfiguration;
			buildSettings = {
				BUNDLE_LOADER = "$(TEST_HOST)";
				CODE_SIGN_STYLE = Automatic;
				CURRENT_PROJECT_VERSION = 1;
				DEVELOPMENT_TEAM = 64349P3W6M;
				GENERATE_INFOPLIST_FILE = YES;
				IPHONEOS_DEPLOYMENT_TARGET = 26.5;
				MACOSX_DEPLOYMENT_TARGET = 26.3;
				MARKETING_VERSION = 1.0;
				PRODUCT_BUNDLE_IDENTIFIER = "com.ryankeefe.Torrent-MatchTests";
				PRODUCT_NAME = "$(TARGET_NAME)";
				SDKROOT = auto;
				STRING_CATALOG_GENERATE_SYMBOLS = NO;
				SUPPORTED_PLATFORMS = "iphoneos iphonesimulator macosx xros xrsimulator";
				SWIFT_APPROACHABLE_CONCURRENCY = YES;
				SWIFT_EMIT_LOC_STRINGS = NO;
				SWIFT_UPCOMING_FEATURE_MEMBER_IMPORT_VISIBILITY = YES;
				SWIFT_VERSION = 5.0;
				TARGETED_DEVICE_FAMILY = "1,2,7";
				TEST_HOST = "$(BUILT_PRODUCTS_DIR)/Torrent Match.app/$(BUNDLE_EXECUTABLE_FOLDER_PATH)/Torrent Match";
				XROS_DEPLOYMENT_TARGET = 26.5;
			};
			name = Debug;
		};
		11E0FCD22FBA9FFF009D7D1C /* Release */ = {
			isa = XCBuildConfiguration;
			buildSettings = {
				BUNDLE_LOADER = "$(TEST_HOST)";
				CODE_SIGN_STYLE = Automatic;
				CURRENT_PROJECT_VERSION = 1;
				DEVELOPMENT_TEAM = 64349P3W6M;
				GENERATE_INFOPLIST_FILE = YES;
				IPHONEOS_DEPLOYMENT_TARGET = 26.5;
				MACOSX_DEPLOYMENT_TARGET = 26.3;
				MARKETING_VERSION = 1.0;
				PRODUCT_BUNDLE_IDENTIFIER = "com.ryankeefe.Torrent-MatchTests";
				PRODUCT_NAME = "$(TARGET_NAME)";
				SDKROOT = auto;
				STRING_CATALOG_GENERATE_SYMBOLS = NO;
				SUPPORTED_PLATFORMS = "iphoneos iphonesimulator macosx xros xrsimulator";
				SWIFT_APPROACHABLE_CONCURRENCY = YES;
				SWIFT_EMIT_LOC_STRINGS = NO;
				SWIFT_UPCOMING_FEATURE_MEMBER_IMPORT_VISIBILITY = YES;
				SWIFT_VERSION = 5.0;
				TARGETED_DEVICE_FAMILY = "1,2,7";
				TEST_HOST = "$(BUILT_PRODUCTS_DIR)/Torrent Match.app/$(BUNDLE_EXECUTABLE_FOLDER_PATH)/Torrent Match";
				XROS_DEPLOYMENT_TARGET = 26.5;
			};
			name = Release;
		};
		11E0FCD42FBA9FFF009D7D1C /* Debug */ = {
			isa = XCBuildConfiguration;
			buildSettings = {
				CODE_SIGN_STYLE = Automatic;
				CURRENT_PROJECT_VERSION = 1;
				DEVELOPMENT_TEAM = 64349P3W6M;
				GENERATE_INFOPLIST_FILE = YES;
				IPHONEOS_DEPLOYMENT_TARGET = 26.5;
				MACOSX_DEPLOYMENT_TARGET = 26.3;
				MARKETING_VERSION = 1.0;
				PRODUCT_BUNDLE_IDENTIFIER = "com.ryankeefe.Torrent-MatchUITests";
				PRODUCT_NAME = "$(TARGET_NAME)";
				SDKROOT = auto;
				STRING_CATALOG_GENERATE_SYMBOLS = NO;
				SUPPORTED_PLATFORMS = "iphoneos iphonesimulator macosx xros xrsimulator";
				SWIFT_APPROACHABLE_CONCURRENCY = YES;
				SWIFT_EMIT_LOC_STRINGS = NO;
				SWIFT_UPCOMING_FEATURE_MEMBER_IMPORT_VISIBILITY = YES;
				SWIFT_VERSION = 5.0;
				TARGETED_DEVICE_FAMILY = "1,2,7";
				TEST_TARGET_NAME = "Torrent Match";
				XROS_DEPLOYMENT_TARGET = 26.5;
			};
			name = Debug;
		};
		11E0FCD52FBA9FFF009D7D1C /* Release */ = {
			isa = XCBuildConfiguration;
			buildSettings = {
				CODE_SIGN_STYLE = Automatic;
				CURRENT_PROJECT_VERSION = 1;
				DEVELOPMENT_TEAM = 64349P3W6M;
				GENERATE_INFOPLIST_FILE = YES;
				IPHONEOS_DEPLOYMENT_TARGET = 26.5;
				MACOSX_DEPLOYMENT_TARGET = 26.3;
				MARKETING_VERSION = 1.0;
				PRODUCT_BUNDLE_IDENTIFIER = "com.ryankeefe.Torrent-MatchUITests";
				PRODUCT_NAME = "$(TARGET_NAME)";
				SDKROOT = auto;
				STRING_CATALOG_GENERATE_SYMBOLS = NO;
				SUPPORTED_PLATFORMS = "iphoneos iphonesimulator macosx xros xrsimulator";
				SWIFT_APPROACHABLE_CONCURRENCY = YES;
				SWIFT_EMIT_LOC_STRINGS = NO;
				SWIFT_UPCOMING_FEATURE_MEMBER_IMPORT_VISIBILITY = YES;
				SWIFT_VERSION = 5.0;
				TARGETED_DEVICE_FAMILY = "1,2,7";
				TEST_TARGET_NAME = "Torrent Match";
				XROS_DEPLOYMENT_TARGET = 26.5;
			};
			name = Release;
		};
/* End XCBuildConfiguration section */

/* Begin XCConfigurationList section */
		11E0FCA22FBA9FFD009D7D1C /* Build configuration list for PBXProject "Torrent Match" */ = {
			isa = XCConfigurationList;
			buildConfigurations = (
				11E0FCCE2FBA9FFF009D7D1C /* Debug */,
				11E0FCCF2FBA9FFF009D7D1C /* Release */,
			);
			defaultConfigurationIsVisible = 0;
			defaultConfigurationName = Release;
		};
		11E0FCCB2FBA9FFF009D7D1C /* Build configuration list for PBXNativeTarget "Torrent Match" */ = {
			isa = XCConfigurationList;
			buildConfigurations = (
				11E0FCCC2FBA9FFF009D7D1C /* Debug */,
				11E0FCCD2FBA9FFF009D7D1C /* Release */,
			);
			defaultConfigurationIsVisible = 0;
			defaultConfigurationName = Release;
		};
		11E0FCD02FBA9FFF009D7D1C /* Build configuration list for PBXNativeTarget "Torrent MatchTests" */ = {
			isa = XCConfigurationList;
			buildConfigurations = (
				11E0FCD12FBA9FFF009D7D1C /* Debug */,
				11E0FCD22FBA9FFF009D7D1C /* Release */,
			);
			defaultConfigurationIsVisible = 0;
			defaultConfigurationName = Release;
		};
		11E0FCD32FBA9FFF009D7D1C /* Build configuration list for PBXNativeTarget "Torrent MatchUITests" */ = {
			isa = XCConfigurationList;
			buildConfigurations = (
				11E0FCD42FBA9FFF009D7D1C /* Debug */,
				11E0FCD52FBA9FFF009D7D1C /* Release */,
			);
			defaultConfigurationIsVisible = 0;
			defaultConfigurationName = Release;
		};
/* End XCConfigurationList section */

/* Begin XCLocalSwiftPackageReference section */
		119CD2732FC1506200B5D3EE /* XCLocalSwiftPackageReference "TorrentMatcherCore" */ = {
			isa = XCLocalSwiftPackageReference;
			relativePath = TorrentMatcherCore;
		};
/* End XCLocalSwiftPackageReference section */

/* Begin XCSwiftPackageProductDependency section */
		119CD2752FC1516F00B5D3EE /* TorrentMatcherCore */ = {
			isa = XCSwiftPackageProductDependency;
			package = 119CD2732FC1506200B5D3EE /* XCLocalSwiftPackageReference "TorrentMatcherCore" */;
			productName = TorrentMatcherCore;
		};
/* End XCSwiftPackageProductDependency section */
	};
	rootObject = 11E0FC9F2FBA9FFD009D7D1C /* Project object */;
}
